
Microsoft Visual Studio Solution File, Format Version 12.00
# Visual Studio 2013
VisualStudioVersion = 12.0.30110.0
MinimumVisualStudioVersion = 10.0.40219.1
Project("{FAE04EC0-301F-11D3-BF4B-00C04F79EFBC}") = "Champagne", "Champagne\Champagne.csproj", "{8EDF89D5-298C-492A-9ED3-DFE89CAD69F8}"
EndProject
Project("{FAE04EC0-301F-11D3-BF4B-00C04F79EFBC}") = "Champagne.UnitTests", "Champagne.UnitTests\Champagne.UnitTests.csproj", "{BAD71A47-4424-4941-A15F-BDB36B4D1E52}"
EndProject
Project("{F2A71F9B-5D33-465A-A702-920D77279786}") = "Champagne.FSharp", "Champagne.FSharp\Champagne.FSharp.fsproj", "{B3FC3D57-982B-4494-8D0F-22238A3417B5}"
EndProject
Project("{F2A71F9B-5D33-465A-A702-920D77279786}") = "Champagne.FSharp.UnitTests", "Champagne.FSharp.UnitTests\Champagne.FSharp.UnitTests.fsproj", "{6D973494-9848-4BFF-9A74-2C9717FF4E45}"
EndProject
Global
	GlobalSection(SolutionConfigurationPlatforms) = preSolution
		Debug|Any CPU = Debug|Any CPU
		Release|Any CPU = Release|Any CPU
	EndGlobalSection
	GlobalSection(ProjectConfigurationPlatforms) = postSolution
		{8EDF89D5-298C-492A-9ED3-DFE89CAD69F8}.Debug|Any CPU.ActiveCfg = Debug|Any CPU
		{8EDF89D5-298C-492A-9ED3-DFE89CAD69F8}.Debug|Any CPU.Build.0 = Debug|Any CPU
		{8EDF89D5-298C-492A-9ED3-DFE89CAD69F8}.Release|Any CPU.ActiveCfg = Release|Any CPU
		{8EDF89D5-298C-492A-9ED3-DFE89CAD69F8}.Release|Any CPU.Build.0 = Release|Any CPU
		{BAD71A47-4424-4941-A15F-BDB36B4D1E52}.Debug|Any CPU.ActiveCfg = Debug|Any CPU
		{BAD71A47-4424-4941-A15F-BDB36B4D1E52}.Debug|Any CPU.Build.0 = Debug|Any CPU
		{BAD71A47-4424-4941-A15F-BDB36B4D1E52}.Release|Any CPU.ActiveCfg = Release|Any CPU
		{BAD71A47-4424-4941-A15F-BDB36B4D1E52}.Release|Any CPU.Build.0 = Release|Any CPU
		{B3FC3D57-982B-4494-8D0F-22238A3417B5}.Debug|Any CPU.ActiveCfg = Debug|Any CPU
		{B3FC3D57-982B-4494-8D0F-22238A3417B5}.Debug|Any CPU.Build.0 = Debug|Any CPU
		{B3FC3D57-982B-4494-8D0F-22238A3417B5}.Release|Any CPU.ActiveCfg = Release|Any CPU
		{B3FC3D57-982B-4494-8D0F-22238A3417B5}.Release|Any CPU.Build.0 = Release|Any CPU
		{6D973494-9848-4BFF-9A74-2C9717FF4E45}.Debug|Any CPU.ActiveCfg = Debug|Any CPU
		{6D973494-9848-4BFF-9A74-2C9717FF4E45}.Debug|Any CPU.Build.0 = Debug|Any CPU
		{6D973494-9848-4BFF-9A74-2C9717FF4E45}.Release|Any CPU.ActiveCfg = Release|Any CPU
		{6D973494-9848-4BFF-9A74-2C9717FF4E45}.Release|Any CPU.Build.0 = Release|Any CPU
	EndGlobalSection
	GlobalSection(SolutionProperties) = preSolution
		HideSolutionNode = FALSE
	EndGlobalSection
EndGlobal
